
Microsoft Visual Studio Solution File, Format Version 12.00
# Visual Studio Version 17
VisualStudioVersion = 17.4.33213.308
MinimumVisualStudioVersion = 10.0.40219.1
Project("{FAE04EC0-301F-11D3-BF4B-00C04F79EFBC}") = "BattleShipGui", "BattleShipGui\BattleShipGui.csproj", "{1BC54C16-D32C-448D-BBCB-5BB705E50D7C}"
EndProject
Global
	GlobalSection(SolutionConfigurationPlatforms) = preSolution
		Debug|Any CPU = Debug|Any CPU
		Release|Any CPU = Release|Any CPU
	EndGlobalSection
	GlobalSection(ProjectConfigurationPlatforms) = postSolution
		{1BC54C16-D32C-448D-BBCB-5BB705E50D7C}.Debug|Any CPU.ActiveCfg = Debug|Any CPU
		{1BC54C16-D32C-448D-BBCB-5BB705E50D7C}.Debug|Any CPU.Build.0 = Debug|Any CPU
		{1BC54C16-D32C-448D-BBCB-5BB705E50D7C}.Release|Any CPU.ActiveCfg = Release|Any CPU
		{1BC54C16-D32C-448D-BBCB-5BB705E50D7C}.Release|Any CPU.Build.0 = Release|Any CPU
	EndGlobalSection
	GlobalSection(SolutionProperties) = preSolution
		HideSolutionNode = FALSE
	EndGlobalSection
	GlobalSection(ExtensibilityGlobals) = postSolution
		SolutionGuid = {7185C136-BD55-43DF-92E4-B020641D77AB}
	EndGlobalSection
EndGlobal
